
Microsoft Visual Studio Solution File, Format Version 12.00
# Visual Studio 2012
Project("{FAE04EC0-301F-11D3-BF4B-00C04F79EFBC}") = "toProlog", "toProlog\toProlog.csproj", "{32A72FB4-06B4-4EE9-A4DD-B73D3BF27031}"
EndProject
Global
	GlobalSection(SolutionConfigurationPlatforms) = preSolution
		Debug|Any CPU = Debug|Any CPU
		Release|Any CPU = Release|Any CPU
	EndGlobalSection
	GlobalSection(ProjectConfigurationPlatforms) = postSolution
		{32A72FB4-06B4-4EE9-A4DD-B73D3BF27031}.Debug|Any CPU.ActiveCfg = Debug|Any CPU
		{32A72FB4-06B4-4EE9-A4DD-B73D3BF27031}.Debug|Any CPU.Build.0 = Debug|Any CPU
		{32A72FB4-06B4-4EE9-A4DD-B73D3BF27031}.Release|Any CPU.ActiveCfg = Release|Any CPU
		{32A72FB4-06B4-4EE9-A4DD-B73D3BF27031}.Release|Any CPU.Build.0 = Release|Any CPU
	EndGlobalSection
	GlobalSection(SolutionProperties) = preSolution
		HideSolutionNode = FALSE
	EndGlobalSection
EndGlobal
