<?xml version="1.0" encoding="utf-8"?>
<Project ToolsVersion="4.0" xmlns="http://schemas.microsoft.com/developer/msbuild/2003">
  <ItemGroup>
    <Filter Include="Source Files">
      <UniqueIdentifier>{4FC737F1-C7A5-4376-A066-2A32D752A2FF}</UniqueIdentifier>
      <Extensions>cpp;c;cc;cxx;def;odl;idl;hpj;bat;asm;asmx</Extensions>
    </Filter>
    <Filter Include="Header Files">
      <UniqueIdentifier>{93995380-89BD-4b04-88EB-625FBE52EBFB}</UniqueIdentifier>
      <Extensions>h;hpp;hxx;hm;inl;inc;xsd</Extensions>
    </Filter>
    <Filter Include="Resource Files">
      <UniqueIdentifier>{67DA6AB6-F800-4c08-8B7A-83BB121AAD01}</UniqueIdentifier>
      <Extensions>rc;ico;cur;bmp;dlg;rc2;rct;bin;rgs;gif;jpg;jpeg;jpe;resx;tiff;tif;png;wav;mfcribbon-ms</Extensions>
    </Filter>
  </ItemGroup>
  <ItemGroup>
    <ClCompile Include="grafos.cpp">
      <Filter>Source Files</Filter>
    </ClCompile>
    <ClCompile Include="lapr5.cpp">
      <Filter>Source Files</Filter>
    </ClCompile>
    <ClCompile Include="JogoDoGalo_openGL.cpp">
      <Filter>Source Files</Filter>
    </ClCompile>
    <ClCompile Include="Labirinto.cpp">
      <Filter>Source Files</Filter>
    </ClCompile>
    <ClCompile Include="Camera.cpp">
      <Filter>Source Files</Filter>
    </ClCompile>
    <ClCompile Include="Estado.cpp">
      <Filter>Source Files</Filter>
    </ClCompile>
    <ClCompile Include="Modelo.cpp">
      <Filter>Source Files</Filter>
    </ClCompile>
    <ClCompile Include="Objecto.cpp">
      <Filter>Source Files</Filter>
    </ClCompile>
    <ClCompile Include="Ponto.cpp">
      <Filter>Source Files</Filter>
    </ClCompile>
    <ClCompile Include="Relacao.cpp">
      <Filter>Source Files</Filter>
    </ClCompile>
    <ClCompile Include="Utilizador.cpp">
      <Filter>Source Files</Filter>
    </ClCompile>
    <ClCompile Include="Teclas.cpp">
      <Filter>Source Files</Filter>
    </ClCompile>
    <ClCompile Include="readjpeg.c">
      <Filter>Source Files</Filter>
    </ClCompile>
    <ClCompile Include="User_C.cpp">
      <Filter>Source Files</Filter>
    </ClCompile>
    <ClCompile Include="WebService_Request.cpp">
      <Filter>Source Files</Filter>
    </ClCompile>
    <ClCompile Include="XMLFiles_WS\GameWS.xsd.c">
      <Filter>Source Files</Filter>
    </ClCompile>
    <ClCompile Include="XMLFiles_WS\schemas.microsoft.com.2003.10.Serialization.xsd.c">
      <Filter>Source Files</Filter>
    </ClCompile>
    <ClCompile Include="XMLFiles_WS\tempuri.org.wsdl.c">
      <Filter>Source Files</Filter>
    </ClCompile>
    <ClCompile Include="XMLFiles_WS\tempuri.org.xsd.c">
      <Filter>Source Files</Filter>
    </ClCompile>
    <ClCompile Include="Dictionary.cpp">
      <Filter>Source Files</Filter>
    </ClCompile>
    <ClCompile Include="HangMan.cpp">
      <Filter>Source Files</Filter>
    </ClCompile>
    <ClCompile Include="TextureLoader.cpp">
      <Filter>Source Files</Filter>
    </ClCompile>
  </ItemGroup>
  <ItemGroup>
    <ClInclude Include="grafos.h">
      <Filter>Source Files</Filter>
    </ClInclude>
    <ClInclude Include="BasicLogin.h">
      <Filter>Header Files</Filter>
    </ClInclude>
    <ClInclude Include="Camera.h">
      <Filter>Source Files</Filter>
    </ClInclude>
    <ClInclude Include="Estado.h">
      <Filter>Source Files</Filter>
    </ClInclude>
    <ClInclude Include="Modelo.h">
      <Filter>Source Files</Filter>
    </ClInclude>
    <ClInclude Include="Objecto.h">
      <Filter>Source Files</Filter>
    </ClInclude>
    <ClInclude Include="Ponto.h">
      <Filter>Source Files</Filter>
    </ClInclude>
    <ClInclude Include="Relacao.h">
      <Filter>Source Files</Filter>
    </ClInclude>
    <ClInclude Include="Utilizador.h">
      <Filter>Source Files</Filter>
    </ClInclude>
    <ClInclude Include="Lista.h">
      <Filter>Source Files</Filter>
    </ClInclude>
    <ClInclude Include="ListaIterador.h">
      <Filter>Source Files</Filter>
    </ClInclude>
    <ClInclude Include="No.h">
      <Filter>Source Files</Filter>
    </ClInclude>
    <ClInclude Include="Teclas.h">
      <Filter>Source Files</Filter>
    </ClInclude>
    <ClInclude Include="GameWS.h">
      <Filter>Header Files</Filter>
    </ClInclude>
    <ClInclude Include="jconfig.h">
      <Filter>Header Files</Filter>
    </ClInclude>
    <ClInclude Include="jmorecfg.h">
      <Filter>Header Files</Filter>
    </ClInclude>
    <ClInclude Include="jpeglib.h">
      <Filter>Header Files</Filter>
    </ClInclude>
    <ClInclude Include="User_C.h">
      <Filter>Header Files</Filter>
    </ClInclude>
    <ClInclude Include="WebService_Request.h">
      <Filter>Header Files</Filter>
    </ClInclude>
    <ClInclude Include="XMLFiles_WS\GameWS.xsd.h">
      <Filter>Header Files</Filter>
    </ClInclude>
    <ClInclude Include="XMLFiles_WS\schemas.microsoft.com.2003.10.Serialization.xsd.h">
      <Filter>Header Files</Filter>
    </ClInclude>
    <ClInclude Include="XMLFiles_WS\tempuri.org.wsdl.h">
      <Filter>Header Files</Filter>
    </ClInclude>
    <ClInclude Include="XMLFiles_WS\tempuri.org.xsd.h">
      <Filter>Header Files</Filter>
    </ClInclude>
    <ClInclude Include="Dictionary.h">
      <Filter>Header Files</Filter>
    </ClInclude>
    <ClInclude Include="TextureLoader.h">
      <Filter>Header Files</Filter>
    </ClInclude>
  </ItemGroup>
  <ItemGroup>
    <None Include="exemplo.grafo">
      <Filter>Source Files</Filter>
    </None>
  </ItemGroup>
  <ItemGroup>
    <Text Include="exemplo2 grafo.txt">
      <Filter>Source Files</Filter>
    </Text>
    <Text Include="..\..\README_textures.txt">
      <Filter>Header Files</Filter>
    </Text>
  </ItemGroup>
  <ItemGroup>
    <Xsd Include="XMLFiles_WS\GameWS.xsd">
      <Filter>Header Files</Filter>
    </Xsd>
  </ItemGroup>
</Project>